github.com/reactivego/scheduler v0.0.7 h1:QWaXpddYUlLW/KNnlUd7OW1JQ6b0VCJH1lXgybp3f8o=
github.com/reactivego/scheduler v0.0.7/go.mod h1:g/J0uvK7dtH46yE0W8M0s6ldH4f6KtyOX6+kc2cJJcU=
golang.org/x/exp v0.0.0-20220325121720-054d8573a5d8 h1:Xt4/LzbTwfocTk9ZLEu4onjeFucl88iW+v4j4PWbQuE=
golang.org/x/exp v0.0.0-20220325121720-054d8573a5d8/go.mod h1:lgLbSvA5ygNOMpwM/9anMpWVlVJ7Z+cHWq/eFuinpGE=
