github.com/reactivego/scheduler v0.0.8 h1:V6/srdN8PBfhbRLWZGmPhmjADdHCIO90KAPKhCmJjK8=
github.com/reactivego/scheduler v0.0.8/go.mod h1:g/J0uvK7dtH46yE0W8M0s6ldH4f6KtyOX6+kc2cJJcU=
golang.org/x/exp v0.0.0-20230515195305-f3d0a9c9a5cc h1:mCRnTeVUjcrhlRmO0VK8a6k6Rrf6TF9htwo2pJVSjIU=
golang.org/x/exp v0.0.0-20230515195305-f3d0a9c9a5cc/go.mod h1:V1LtkGg67GoY2N1AnLN78QLrzxkLyJw7RJb1gzOOz9w=
